
Microsoft Visual Studio Solution File, Format Version 12.00
# Visual Studio Version 17
VisualStudioVersion = 17.5.33516.290
MinimumVisualStudioVersion = 10.0.40219.1
Project("{FAE04EC0-301F-11D3-BF4B-00C04F79EFBC}") = "generic_dz", "generic_dz.csproj", "{1BF046DB-F3F7-4F52-BD68-DD559E0D748C}"
EndProject
Global
	GlobalSection(SolutionConfigurationPlatforms) = preSolution
		Debug|Any CPU = Debug|Any CPU
		Release|Any CPU = Release|Any CPU
	EndGlobalSection
	GlobalSection(ProjectConfigurationPlatforms) = postSolution
		{1BF046DB-F3F7-4F52-BD68-DD559E0D748C}.Debug|Any CPU.ActiveCfg = Debug|Any CPU
		{1BF046DB-F3F7-4F52-BD68-DD559E0D748C}.Debug|Any CPU.Build.0 = Debug|Any CPU
		{1BF046DB-F3F7-4F52-BD68-DD559E0D748C}.Release|Any CPU.ActiveCfg = Release|Any CPU
		{1BF046DB-F3F7-4F52-BD68-DD559E0D748C}.Release|Any CPU.Build.0 = Release|Any CPU
	EndGlobalSection
	GlobalSection(SolutionProperties) = preSolution
		HideSolutionNode = FALSE
	EndGlobalSection
	GlobalSection(ExtensibilityGlobals) = postSolution
		SolutionGuid = {CFA95488-4F49-4A31-A82C-15452B07C3D6}
	EndGlobalSection
EndGlobal
